{
  "name": "bridge-builders-front-door",
  "version": "0.1.0",
  "lockfileVersion": 3,
  "requires": true,
  "packages": {
    "": {
      "name": "bridge-builders-front-door",
      "version": "0.1.0",
      "license": "SEE LICENSE IN BRIDGE_BUILDERS_LICENSE.md",
      "engines": {
        "node": ">=22.18"
      }
    }
  }
}
